// !$*UTF8*$!
{
	archiveVersion = 1;
	classes = {
	};
	objectVersion = 56;
	objects = {

/* Begin PBXBuildFile section */
		FD2201C12BFF033E00487151 /* HomeTab.swift in Sources */ = {isa = PBXBuildFile; fileRef = FD2201C02BFF033E00487151 /* HomeTab.swift */; };
		FD2201C42BFF060E00487151 /* Workout.swift in Sources */ = {isa = PBXBuildFile; fileRef = FD2201C32BFF060E00487151 /* Workout.swift */; };
		FD2201C62BFF066A00487151 /* WorkoutExercise.swift in Sources */ = {isa = PBXBuildFile; fileRef = FD2201C52BFF066A00487151 /* WorkoutExercise.swift */; };
		FD2201C82BFF084700487151 /* ExerciseSet.swift in Sources */ = {isa = PBXBuildFile; fileRef = FD2201C72BFF084700487151 /* ExerciseSet.swift */; };
		FD2201CA2BFF1AB600487151 /* WorkoutView.swift in Sources */ = {isa = PBXBuildFile; fileRef = FD2201C92BFF1AB600487151 /* WorkoutView.swift */; };
		FD2201CC2BFF304C00487151 /* ExerciseView.swift in Sources */ = {isa = PBXBuildFile; fileRef = FD2201CB2BFF304C00487151 /* ExerciseView.swift */; };
		FD2819712C3F92130036CAED /* NutritionEntry.swift in Sources */ = {isa = PBXBuildFile; fileRef = FD9EB5D12C27D648000267F2 /* NutritionEntry.swift */; };
		FD2819722C3F950E0036CAED /* NutritionFood.swift in Sources */ = {isa = PBXBuildFile; fileRef = FD9EB5D32C27D799000267F2 /* NutritionFood.swift */; };
		FD2E77952BF57CF800245E06 /* VillainArcApp.swift in Sources */ = {isa = PBXBuildFile; fileRef = FD2E77942BF57CF800245E06 /* VillainArcApp.swift */; };
		FD2E77972BF57CF800245E06 /* ContentView.swift in Sources */ = {isa = PBXBuildFile; fileRef = FD2E77962BF57CF800245E06 /* ContentView.swift */; };
		FD2E77992BF57CF800245E06 /* Assets.xcassets in Resources */ = {isa = PBXBuildFile; fileRef = FD2E77982BF57CF800245E06 /* Assets.xcassets */; };
		FD2E779C2BF57CF800245E06 /* Preview Assets.xcassets in Resources */ = {isa = PBXBuildFile; fileRef = FD2E779B2BF57CF800245E06 /* Preview Assets.xcassets */; };
		FD2E77A42BF57D6600245E06 /* WeightEntry.swift in Sources */ = {isa = PBXBuildFile; fileRef = FD2E77A32BF57D6600245E06 /* WeightEntry.swift */; };
		FD2E77A62BF57ED700245E06 /* WeightView.swift in Sources */ = {isa = PBXBuildFile; fileRef = FD2E77A52BF57ED700245E06 /* WeightView.swift */; };
		FD2E77A82BF581F200245E06 /* AddWeightEntryView.swift in Sources */ = {isa = PBXBuildFile; fileRef = FD2E77A72BF581F200245E06 /* AddWeightEntryView.swift */; };
		FD2E77AA2BF587E800245E06 /* Other.swift in Sources */ = {isa = PBXBuildFile; fileRef = FD2E77A92BF587E800245E06 /* Other.swift */; };
		FD2E77AC2BF6AA5500245E06 /* DataManager.swift in Sources */ = {isa = PBXBuildFile; fileRef = FD2E77AB2BF6AA5500245E06 /* DataManager.swift */; };
		FD2E77AE2BF6D03C00245E06 /* LogInView.swift in Sources */ = {isa = PBXBuildFile; fileRef = FD2E77AD2BF6D03C00245E06 /* LogInView.swift */; };
		FD2E77B12BF6D0E300245E06 /* GoogleService-Info.plist in Resources */ = {isa = PBXBuildFile; fileRef = FD2E77B02BF6D0E300245E06 /* GoogleService-Info.plist */; };
		FD2E77B82BF6D37200245E06 /* User.swift in Sources */ = {isa = PBXBuildFile; fileRef = FD2E77B72BF6D37200245E06 /* User.swift */; };
		FD59AD602C461E160017AFD1 /* WorkoutActivityManager.swift in Sources */ = {isa = PBXBuildFile; fileRef = FD59AD5F2C461E160017AFD1 /* WorkoutActivityManager.swift */; };
		FD59AD622C4645F60017AFD1 /* UpdateMealNamesView.swift in Sources */ = {isa = PBXBuildFile; fileRef = FD59AD612C4645F60017AFD1 /* UpdateMealNamesView.swift */; };
		FD7714C02C12CF3700FF12AF /* FirebaseStorage in Frameworks */ = {isa = PBXBuildFile; productRef = FD7714BF2C12CF3700FF12AF /* FirebaseStorage */; };
		FD7714C42C14041B00FF12AF /* HealthManager.swift in Sources */ = {isa = PBXBuildFile; fileRef = FD7714C32C14041B00FF12AF /* HealthManager.swift */; };
		FD7714C62C14062400FF12AF /* HealthKit.framework in Frameworks */ = {isa = PBXBuildFile; fileRef = FD7714C52C14062400FF12AF /* HealthKit.framework */; };
		FD7714C82C14F38E00FF12AF /* HealthTab.swift in Sources */ = {isa = PBXBuildFile; fileRef = FD7714C72C14F38E00FF12AF /* HealthTab.swift */; };
		FD7714CA2C14F8D800FF12AF /* HealthSteps.swift in Sources */ = {isa = PBXBuildFile; fileRef = FD7714C92C14F8D800FF12AF /* HealthSteps.swift */; };
		FD7C6EF22C0AD531001453F2 /* ExerciseHistoryView.swift in Sources */ = {isa = PBXBuildFile; fileRef = FD7C6EF12C0AD531001453F2 /* ExerciseHistoryView.swift */; };
		FD7C6EF42C0BB6B0001453F2 /* BackgroundView.swift in Sources */ = {isa = PBXBuildFile; fileRef = FD7C6EF32C0BB6B0001453F2 /* BackgroundView.swift */; };
		FD7C6EF62C0BFA82001453F2 /* WorkoutSectionView.swift in Sources */ = {isa = PBXBuildFile; fileRef = FD7C6EF52C0BFA82001453F2 /* WorkoutSectionView.swift */; };
		FD7C6EF82C0BFA92001453F2 /* TemplateSectionView.swift in Sources */ = {isa = PBXBuildFile; fileRef = FD7C6EF72C0BFA92001453F2 /* TemplateSectionView.swift */; };
		FD7C6EFA2C0BFC9B001453F2 /* AllWorkoutsView.swift in Sources */ = {isa = PBXBuildFile; fileRef = FD7C6EF92C0BFC9B001453F2 /* AllWorkoutsView.swift */; };
		FD7C6EFC2C0BFCAD001453F2 /* AllTemplatesView.swift in Sources */ = {isa = PBXBuildFile; fileRef = FD7C6EFB2C0BFCAD001453F2 /* AllTemplatesView.swift */; };
		FD7C6F042C0E8381001453F2 /* TimerDisplayView.swift in Sources */ = {isa = PBXBuildFile; fileRef = FD7C6F032C0E8381001453F2 /* TimerDisplayView.swift */; };
		FD7C6F062C0E874D001453F2 /* SetRestTimeView.swift in Sources */ = {isa = PBXBuildFile; fileRef = FD7C6F052C0E874C001453F2 /* SetRestTimeView.swift */; };
		FD7C6F092C0E9336001453F2 /* NotificationManager.swift in Sources */ = {isa = PBXBuildFile; fileRef = FD7C6F082C0E9335001453F2 /* NotificationManager.swift */; };
		FD7C6F312C0EB2A6001453F2 /* FirebaseAuth in Frameworks */ = {isa = PBXBuildFile; productRef = FD7C6F302C0EB2A6001453F2 /* FirebaseAuth */; };
		FD7C6F332C0EB2A6001453F2 /* FirebaseFirestore in Frameworks */ = {isa = PBXBuildFile; productRef = FD7C6F322C0EB2A6001453F2 /* FirebaseFirestore */; };
		FD9EB5C12C262254000267F2 /* NutritionTab.swift in Sources */ = {isa = PBXBuildFile; fileRef = FD9EB5C02C262254000267F2 /* NutritionTab.swift */; };
		FD9EB5CB2C2781B2000267F2 /* WorkoutAttributes.swift in Sources */ = {isa = PBXBuildFile; fileRef = FDD4FBE12C17F8FA0028BADB /* WorkoutAttributes.swift */; };
		FD9EB5CD2C27A84C000267F2 /* CompleteProfileView.swift in Sources */ = {isa = PBXBuildFile; fileRef = FD9EB5CC2C27A84C000267F2 /* CompleteProfileView.swift */; };
		FD9EB5DA2C2A83B8000267F2 /* NutritionSetupView.swift in Sources */ = {isa = PBXBuildFile; fileRef = FD9EB5D52C27DCD8000267F2 /* NutritionSetupView.swift */; };
		FD9EB5DC2C2B80E2000267F2 /* HealthDataManager.swift in Sources */ = {isa = PBXBuildFile; fileRef = FD9EB5DB2C2B80E2000267F2 /* HealthDataManager.swift */; };
		FD9EB5DE2C2B81E8000267F2 /* NutritionDataManager.swift in Sources */ = {isa = PBXBuildFile; fileRef = FD9EB5DD2C2B81E8000267F2 /* NutritionDataManager.swift */; };
		FD9EB5DF2C2B82A4000267F2 /* NutritionHub.swift in Sources */ = {isa = PBXBuildFile; fileRef = FD9EB5CF2C27D56F000267F2 /* NutritionHub.swift */; };
		FD9EB5E02C2B82AC000267F2 /* NutritionEntry.swift in Sources */ = {isa = PBXBuildFile; fileRef = FD9EB5D12C27D648000267F2 /* NutritionEntry.swift */; };
		FD9EB5E12C2B82AF000267F2 /* NutritionFood.swift in Sources */ = {isa = PBXBuildFile; fileRef = FD9EB5D32C27D799000267F2 /* NutritionFood.swift */; };
		FD9EB5E32C2BB2A5000267F2 /* NutritionEntryView.swift in Sources */ = {isa = PBXBuildFile; fileRef = FD9EB5E22C2BB2A5000267F2 /* NutritionEntryView.swift */; };
		FD9EB5E92C2BD45F000267F2 /* AddFoodView.swift in Sources */ = {isa = PBXBuildFile; fileRef = FD9EB5E82C2BD45F000267F2 /* AddFoodView.swift */; };
		FD9EB5EC2C2D0F0A000267F2 /* CodeScanner in Frameworks */ = {isa = PBXBuildFile; productRef = FD9EB5EB2C2D0F0A000267F2 /* CodeScanner */; };
		FD9EB5EE2C2D1FCB000267F2 /* CreateFoodView.swift in Sources */ = {isa = PBXBuildFile; fileRef = FD9EB5ED2C2D1FCB000267F2 /* CreateFoodView.swift */; };
		FD9EB5F02C2D4430000267F2 /* FoodToEntryView.swift in Sources */ = {isa = PBXBuildFile; fileRef = FD9EB5EF2C2D4430000267F2 /* FoodToEntryView.swift */; };
		FD9EB5F22C2E5AA5000267F2 /* AddFirebaseFoodView.swift in Sources */ = {isa = PBXBuildFile; fileRef = FD9EB5F12C2E5AA5000267F2 /* AddFirebaseFoodView.swift */; };
		FD9EB5F42C2E6D6E000267F2 /* EditEntryFoodView.swift in Sources */ = {isa = PBXBuildFile; fileRef = FD9EB5F32C2E6D6E000267F2 /* EditEntryFoodView.swift */; };
		FD9EB5F62C2FD47D000267F2 /* HapticManager.swift in Sources */ = {isa = PBXBuildFile; fileRef = FD9EB5F52C2FD47D000267F2 /* HapticManager.swift */; };
		FDAC23232C11530F007B53B7 /* ExercisesSectionView.swift in Sources */ = {isa = PBXBuildFile; fileRef = FDAC23222C11530F007B53B7 /* ExercisesSectionView.swift */; };
		FDAC23252C1154BD007B53B7 /* AllExercisesView.swift in Sources */ = {isa = PBXBuildFile; fileRef = FDAC23242C1154BD007B53B7 /* AllExercisesView.swift */; };
		FDAC23272C116AD6007B53B7 /* TemplateExerciseView.swift in Sources */ = {isa = PBXBuildFile; fileRef = FDAC23262C116AD6007B53B7 /* TemplateExerciseView.swift */; };
		FDB0B5D72BFC25190099D91D /* AllWeightEntriesView.swift in Sources */ = {isa = PBXBuildFile; fileRef = FDB0B5D62BFC25190099D91D /* AllWeightEntriesView.swift */; };
		FDB39EA52C093041008929DF /* ExerciseSelectionView.swift in Sources */ = {isa = PBXBuildFile; fileRef = FDB39EA42C093041008929DF /* ExerciseSelectionView.swift */; };
		FDB39EA72C0933B0008929DF /* exercises.json in Resources */ = {isa = PBXBuildFile; fileRef = FDB39EA62C0933B0008929DF /* exercises.json */; };
		FDB39EAA2C0A4496008929DF /* WorkoutDetailView.swift in Sources */ = {isa = PBXBuildFile; fileRef = FDB39EA92C0A4496008929DF /* WorkoutDetailView.swift */; };
		FDB39EAC2C0A7D04008929DF /* SaveWorkoutSheet.swift in Sources */ = {isa = PBXBuildFile; fileRef = FDB39EAB2C0A7D04008929DF /* SaveWorkoutSheet.swift */; };
		FDB39EAE2C0A95D8008929DF /* TemplateView.swift in Sources */ = {isa = PBXBuildFile; fileRef = FDB39EAD2C0A95D8008929DF /* TemplateView.swift */; };
		FDCA5F6A2C5AA9450095BF76 /* HealthEnergy.swift in Sources */ = {isa = PBXBuildFile; fileRef = FDCA5F692C5AA9450095BF76 /* HealthEnergy.swift */; };
		FDD4FB672C1564190028BADB /* StepsView.swift in Sources */ = {isa = PBXBuildFile; fileRef = FDD4FB662C1564190028BADB /* StepsView.swift */; };
		FDD4FB6F2C16A1B30028BADB /* CaloriesView.swift in Sources */ = {isa = PBXBuildFile; fileRef = FDD4FB6E2C16A1B30028BADB /* CaloriesView.swift */; };
		FDD4FBCF2C17F8820028BADB /* WidgetKit.framework in Frameworks */ = {isa = PBXBuildFile; fileRef = FDD4FBCE2C17F8820028BADB /* WidgetKit.framework */; };
		FDD4FBD02C17F8820028BADB /* SwiftUI.framework in Frameworks */ = {isa = PBXBuildFile; fileRef = FDAC23042C0EB5B7007B53B7 /* SwiftUI.framework */; };
		FDD4FBD32C17F8820028BADB /* WorkoutLiveActivityBundle.swift in Sources */ = {isa = PBXBuildFile; fileRef = FDD4FBD22C17F8820028BADB /* WorkoutLiveActivityBundle.swift */; };
		FDD4FBD52C17F8820028BADB /* WorkoutLiveActivityLiveActivity.swift in Sources */ = {isa = PBXBuildFile; fileRef = FDD4FBD42C17F8820028BADB /* WorkoutLiveActivityLiveActivity.swift */; };
		FDD4FBD72C17F8820028BADB /* WorkoutLiveActivity.swift in Sources */ = {isa = PBXBuildFile; fileRef = FDD4FBD62C17F8820028BADB /* WorkoutLiveActivity.swift */; };
		FDD4FBD92C17F8840028BADB /* Assets.xcassets in Resources */ = {isa = PBXBuildFile; fileRef = FDD4FBD82C17F8840028BADB /* Assets.xcassets */; };
		FDD4FBDD2C17F8840028BADB /* WorkoutLiveActivityExtension.appex in Embed Foundation Extensions */ = {isa = PBXBuildFile; fileRef = FDD4FBCD2C17F8820028BADB /* WorkoutLiveActivityExtension.appex */; settings = {ATTRIBUTES = (RemoveHeadersOnCopy, ); }; };
		FDD4FBE22C17F8FA0028BADB /* WorkoutAttributes.swift in Sources */ = {isa = PBXBuildFile; fileRef = FDD4FBE12C17F8FA0028BADB /* WorkoutAttributes.swift */; };
		FDD4FBE92C1A78FD0028BADB /* SetRepRangeView.swift in Sources */ = {isa = PBXBuildFile; fileRef = FDD4FBE82C1A78FD0028BADB /* SetRepRangeView.swift */; };
		FDE9CD192C6D5E17006E7C9F /* RunView.swift in Sources */ = {isa = PBXBuildFile; fileRef = FDE9CD182C6D5E17006E7C9F /* RunView.swift */; };
		FDE9CD1B2C6D5E33006E7C9F /* Run.swift in Sources */ = {isa = PBXBuildFile; fileRef = FDE9CD1A2C6D5E33006E7C9F /* Run.swift */; };
		FDE9CD1D2C6D621F006E7C9F /* RunLocationManager.swift in Sources */ = {isa = PBXBuildFile; fileRef = FDE9CD1C2C6D621F006E7C9F /* RunLocationManager.swift */; };
		FDED2D5E2C4C8F4200F55A37 /* GymSelectionView.swift in Sources */ = {isa = PBXBuildFile; fileRef = FDED2D5D2C4C8F4200F55A37 /* GymSelectionView.swift */; };
		FDED2D602C4C937E00F55A37 /* GymLocationManager.swift in Sources */ = {isa = PBXBuildFile; fileRef = FDED2D5F2C4C937E00F55A37 /* GymLocationManager.swift */; };
		FDED2D622C4CAFAF00F55A37 /* GymSectionView.swift in Sources */ = {isa = PBXBuildFile; fileRef = FDED2D612C4CAFAF00F55A37 /* GymSectionView.swift */; };
		FDED2D642C4E4B8E00F55A37 /* Gym.swift in Sources */ = {isa = PBXBuildFile; fileRef = FDED2D632C4E4B8E00F55A37 /* Gym.swift */; };
		FDED2D662C4F1AAF00F55A37 /* GymDetailView.swift in Sources */ = {isa = PBXBuildFile; fileRef = FDED2D652C4F1AAF00F55A37 /* GymDetailView.swift */; };
		FDED2D6E2C50498600F55A37 /* Extensions.swift in Sources */ = {isa = PBXBuildFile; fileRef = FDED2D6D2C50498600F55A37 /* Extensions.swift */; };
/* End PBXBuildFile section */

/* Begin PBXContainerItemProxy section */
		FDD4FBDB2C17F8840028BADB /* PBXContainerItemProxy */ = {
			isa = PBXContainerItemProxy;
			containerPortal = FD2E77892BF57CF800245E06 /* Project object */;
			proxyType = 1;
			remoteGlobalIDString = FDD4FBCC2C17F8820028BADB;
			remoteInfo = WorkoutLiveActivityExtension;
		};
/* End PBXContainerItemProxy section */

/* Begin PBXCopyFilesBuildPhase section */
		FDAC23182C0EB5B8007B53B7 /* Embed Foundation Extensions */ = {
			isa = PBXCopyFilesBuildPhase;
			buildActionMask = 2147483647;
			dstPath = "";
			dstSubfolderSpec = 13;
			files = (
				FDD4FBDD2C17F8840028BADB /* WorkoutLiveActivityExtension.appex in Embed Foundation Extensions */,
			);
			name = "Embed Foundation Extensions";
			runOnlyForDeploymentPostprocessing = 0;
		};
/* End PBXCopyFilesBuildPhase section */

/* Begin PBXFileReference section */
		FD2201C02BFF033E00487151 /* HomeTab.swift */ = {isa = PBXFileReference; lastKnownFileType = sourcecode.swift; path = HomeTab.swift; sourceTree = "<group>"; };
		FD2201C32BFF060E00487151 /* Workout.swift */ = {isa = PBXFileReference; lastKnownFileType = sourcecode.swift; path = Workout.swift; sourceTree = "<group>"; };
		FD2201C52BFF066A00487151 /* WorkoutExercise.swift */ = {isa = PBXFileReference; lastKnownFileType = sourcecode.swift; path = WorkoutExercise.swift; sourceTree = "<group>"; };
		FD2201C72BFF084700487151 /* ExerciseSet.swift */ = {isa = PBXFileReference; lastKnownFileType = sourcecode.swift; path = ExerciseSet.swift; sourceTree = "<group>"; };
		FD2201C92BFF1AB600487151 /* WorkoutView.swift */ = {isa = PBXFileReference; lastKnownFileType = sourcecode.swift; path = WorkoutView.swift; sourceTree = "<group>"; };
		FD2201CB2BFF304C00487151 /* ExerciseView.swift */ = {isa = PBXFileReference; lastKnownFileType = sourcecode.swift; path = ExerciseView.swift; sourceTree = "<group>"; };
		FD2819732C3F99C40036CAED /* WorkoutLiveActivityExtension.entitlements */ = {isa = PBXFileReference; lastKnownFileType = text.plist.entitlements; path = WorkoutLiveActivityExtension.entitlements; sourceTree = "<group>"; };
		FD2E77912BF57CF800245E06 /* VillainArc.app */ = {isa = PBXFileReference; explicitFileType = wrapper.application; includeInIndex = 0; path = VillainArc.app; sourceTree = BUILT_PRODUCTS_DIR; };
		FD2E77942BF57CF800245E06 /* VillainArcApp.swift */ = {isa = PBXFileReference; lastKnownFileType = sourcecode.swift; path = VillainArcApp.swift; sourceTree = "<group>"; };
		FD2E77962BF57CF800245E06 /* ContentView.swift */ = {isa = PBXFileReference; lastKnownFileType = sourcecode.swift; path = ContentView.swift; sourceTree = "<group>"; };
		FD2E77982BF57CF800245E06 /* Assets.xcassets */ = {isa = PBXFileReference; lastKnownFileType = folder.assetcatalog; path = Assets.xcassets; sourceTree = "<group>"; };
		FD2E779B2BF57CF800245E06 /* Preview Assets.xcassets */ = {isa = PBXFileReference; lastKnownFileType = folder.assetcatalog; path = "Preview Assets.xcassets"; sourceTree = "<group>"; };
		FD2E77A32BF57D6600245E06 /* WeightEntry.swift */ = {isa = PBXFileReference; lastKnownFileType = sourcecode.swift; path = WeightEntry.swift; sourceTree = "<group>"; };
		FD2E77A52BF57ED700245E06 /* WeightView.swift */ = {isa = PBXFileReference; lastKnownFileType = sourcecode.swift; path = WeightView.swift; sourceTree = "<group>"; };
		FD2E77A72BF581F200245E06 /* AddWeightEntryView.swift */ = {isa = PBXFileReference; lastKnownFileType = sourcecode.swift; path = AddWeightEntryView.swift; sourceTree = "<group>"; };
		FD2E77A92BF587E800245E06 /* Other.swift */ = {isa = PBXFileReference; lastKnownFileType = sourcecode.swift; path = Other.swift; sourceTree = "<group>"; };
		FD2E77AB2BF6AA5500245E06 /* DataManager.swift */ = {isa = PBXFileReference; lastKnownFileType = sourcecode.swift; path = DataManager.swift; sourceTree = "<group>"; };
		FD2E77AD2BF6D03C00245E06 /* LogInView.swift */ = {isa = PBXFileReference; lastKnownFileType = sourcecode.swift; path = LogInView.swift; sourceTree = "<group>"; };
		FD2E77AF2BF6D0C400245E06 /* VillainArc.entitlements */ = {isa = PBXFileReference; lastKnownFileType = text.plist.entitlements; path = VillainArc.entitlements; sourceTree = "<group>"; };
		FD2E77B02BF6D0E300245E06 /* GoogleService-Info.plist */ = {isa = PBXFileReference; fileEncoding = 4; lastKnownFileType = text.plist.xml; path = "GoogleService-Info.plist"; sourceTree = "<group>"; };
		FD2E77B72BF6D37200245E06 /* User.swift */ = {isa = PBXFileReference; lastKnownFileType = sourcecode.swift; path = User.swift; sourceTree = "<group>"; };
		FD59AD5F2C461E160017AFD1 /* WorkoutActivityManager.swift */ = {isa = PBXFileReference; lastKnownFileType = sourcecode.swift; path = WorkoutActivityManager.swift; sourceTree = "<group>"; };
		FD59AD612C4645F60017AFD1 /* UpdateMealNamesView.swift */ = {isa = PBXFileReference; lastKnownFileType = sourcecode.swift; path = UpdateMealNamesView.swift; sourceTree = "<group>"; };
		FD7714C32C14041B00FF12AF /* HealthManager.swift */ = {isa = PBXFileReference; lastKnownFileType = sourcecode.swift; path = HealthManager.swift; sourceTree = "<group>"; };
		FD7714C52C14062400FF12AF /* HealthKit.framework */ = {isa = PBXFileReference; lastKnownFileType = wrapper.framework; name = HealthKit.framework; path = System/Library/Frameworks/HealthKit.framework; sourceTree = SDKROOT; };
		FD7714C72C14F38E00FF12AF /* HealthTab.swift */ = {isa = PBXFileReference; lastKnownFileType = sourcecode.swift; path = HealthTab.swift; sourceTree = "<group>"; };
		FD7714C92C14F8D800FF12AF /* HealthSteps.swift */ = {isa = PBXFileReference; lastKnownFileType = sourcecode.swift; path = HealthSteps.swift; sourceTree = "<group>"; };
		FD7C6EF12C0AD531001453F2 /* ExerciseHistoryView.swift */ = {isa = PBXFileReference; lastKnownFileType = sourcecode.swift; path = ExerciseHistoryView.swift; sourceTree = "<group>"; };
		FD7C6EF32C0BB6B0001453F2 /* BackgroundView.swift */ = {isa = PBXFileReference; lastKnownFileType = sourcecode.swift; path = BackgroundView.swift; sourceTree = "<group>"; };
		FD7C6EF52C0BFA82001453F2 /* WorkoutSectionView.swift */ = {isa = PBXFileReference; lastKnownFileType = sourcecode.swift; path = WorkoutSectionView.swift; sourceTree = "<group>"; };
		FD7C6EF72C0BFA92001453F2 /* TemplateSectionView.swift */ = {isa = PBXFileReference; lastKnownFileType = sourcecode.swift; path = TemplateSectionView.swift; sourceTree = "<group>"; };
		FD7C6EF92C0BFC9B001453F2 /* AllWorkoutsView.swift */ = {isa = PBXFileReference; lastKnownFileType = sourcecode.swift; path = AllWorkoutsView.swift; sourceTree = "<group>"; };
		FD7C6EFB2C0BFCAD001453F2 /* AllTemplatesView.swift */ = {isa = PBXFileReference; lastKnownFileType = sourcecode.swift; path = AllTemplatesView.swift; sourceTree = "<group>"; };
		FD7C6F032C0E8381001453F2 /* TimerDisplayView.swift */ = {isa = PBXFileReference; lastKnownFileType = sourcecode.swift; path = TimerDisplayView.swift; sourceTree = "<group>"; };
		FD7C6F052C0E874C001453F2 /* SetRestTimeView.swift */ = {isa = PBXFileReference; lastKnownFileType = sourcecode.swift; path = SetRestTimeView.swift; sourceTree = "<group>"; };
		FD7C6F072C0E914C001453F2 /* Info.plist */ = {isa = PBXFileReference; lastKnownFileType = text.plist.xml; name = Info.plist; path = /Users/fernando7ct/Documents/Projects/VillainArc/VillainArc/Info.plist; sourceTree = "<absolute>"; };
		FD7C6F082C0E9335001453F2 /* NotificationManager.swift */ = {isa = PBXFileReference; lastKnownFileType = sourcecode.swift; path = NotificationManager.swift; sourceTree = "<group>"; };
		FD9EB5C02C262254000267F2 /* NutritionTab.swift */ = {isa = PBXFileReference; lastKnownFileType = sourcecode.swift; path = NutritionTab.swift; sourceTree = "<group>"; };
		FD9EB5CC2C27A84C000267F2 /* CompleteProfileView.swift */ = {isa = PBXFileReference; lastKnownFileType = sourcecode.swift; path = CompleteProfileView.swift; sourceTree = "<group>"; };
		FD9EB5CF2C27D56F000267F2 /* NutritionHub.swift */ = {isa = PBXFileReference; lastKnownFileType = sourcecode.swift; path = NutritionHub.swift; sourceTree = "<group>"; };
		FD9EB5D12C27D648000267F2 /* NutritionEntry.swift */ = {isa = PBXFileReference; lastKnownFileType = sourcecode.swift; path = NutritionEntry.swift; sourceTree = "<group>"; };
		FD9EB5D32C27D799000267F2 /* NutritionFood.swift */ = {isa = PBXFileReference; lastKnownFileType = sourcecode.swift; path = NutritionFood.swift; sourceTree = "<group>"; };
		FD9EB5D52C27DCD8000267F2 /* NutritionSetupView.swift */ = {isa = PBXFileReference; lastKnownFileType = sourcecode.swift; path = NutritionSetupView.swift; sourceTree = "<group>"; };
		FD9EB5DB2C2B80E2000267F2 /* HealthDataManager.swift */ = {isa = PBXFileReference; lastKnownFileType = sourcecode.swift; path = HealthDataManager.swift; sourceTree = "<group>"; };
		FD9EB5DD2C2B81E8000267F2 /* NutritionDataManager.swift */ = {isa = PBXFileReference; lastKnownFileType = sourcecode.swift; path = NutritionDataManager.swift; sourceTree = "<group>"; };
		FD9EB5E22C2BB2A5000267F2 /* NutritionEntryView.swift */ = {isa = PBXFileReference; lastKnownFileType = sourcecode.swift; path = NutritionEntryView.swift; sourceTree = "<group>"; };
		FD9EB5E82C2BD45F000267F2 /* AddFoodView.swift */ = {isa = PBXFileReference; lastKnownFileType = sourcecode.swift; path = AddFoodView.swift; sourceTree = "<group>"; };
		FD9EB5ED2C2D1FCB000267F2 /* CreateFoodView.swift */ = {isa = PBXFileReference; lastKnownFileType = sourcecode.swift; path = CreateFoodView.swift; sourceTree = "<group>"; };
		FD9EB5EF2C2D4430000267F2 /* FoodToEntryView.swift */ = {isa = PBXFileReference; lastKnownFileType = sourcecode.swift; path = FoodToEntryView.swift; sourceTree = "<group>"; };
		FD9EB5F12C2E5AA5000267F2 /* AddFirebaseFoodView.swift */ = {isa = PBXFileReference; lastKnownFileType = sourcecode.swift; path = AddFirebaseFoodView.swift; sourceTree = "<group>"; };
		FD9EB5F32C2E6D6E000267F2 /* EditEntryFoodView.swift */ = {isa = PBXFileReference; lastKnownFileType = sourcecode.swift; path = EditEntryFoodView.swift; sourceTree = "<group>"; };
		FD9EB5F52C2FD47D000267F2 /* HapticManager.swift */ = {isa = PBXFileReference; lastKnownFileType = sourcecode.swift; path = HapticManager.swift; sourceTree = "<group>"; };
		FDAC23042C0EB5B7007B53B7 /* SwiftUI.framework */ = {isa = PBXFileReference; lastKnownFileType = wrapper.framework; name = SwiftUI.framework; path = System/Library/Frameworks/SwiftUI.framework; sourceTree = SDKROOT; };
		FDAC23222C11530F007B53B7 /* ExercisesSectionView.swift */ = {isa = PBXFileReference; lastKnownFileType = sourcecode.swift; path = ExercisesSectionView.swift; sourceTree = "<group>"; };
		FDAC23242C1154BD007B53B7 /* AllExercisesView.swift */ = {isa = PBXFileReference; lastKnownFileType = sourcecode.swift; path = AllExercisesView.swift; sourceTree = "<group>"; };
		FDAC23262C116AD6007B53B7 /* TemplateExerciseView.swift */ = {isa = PBXFileReference; lastKnownFileType = sourcecode.swift; path = TemplateExerciseView.swift; sourceTree = "<group>"; };
		FDB0B5D62BFC25190099D91D /* AllWeightEntriesView.swift */ = {isa = PBXFileReference; lastKnownFileType = sourcecode.swift; path = AllWeightEntriesView.swift; sourceTree = "<group>"; };
		FDB39EA42C093041008929DF /* ExerciseSelectionView.swift */ = {isa = PBXFileReference; lastKnownFileType = sourcecode.swift; path = ExerciseSelectionView.swift; sourceTree = "<group>"; };
		FDB39EA62C0933B0008929DF /* exercises.json */ = {isa = PBXFileReference; lastKnownFileType = text.json; path = exercises.json; sourceTree = "<group>"; };
		FDB39EA92C0A4496008929DF /* WorkoutDetailView.swift */ = {isa = PBXFileReference; lastKnownFileType = sourcecode.swift; path = WorkoutDetailView.swift; sourceTree = "<group>"; };
		FDB39EAB2C0A7D04008929DF /* SaveWorkoutSheet.swift */ = {isa = PBXFileReference; lastKnownFileType = sourcecode.swift; path = SaveWorkoutSheet.swift; sourceTree = "<group>"; };
		FDB39EAD2C0A95D8008929DF /* TemplateView.swift */ = {isa = PBXFileReference; lastKnownFileType = sourcecode.swift; path = TemplateView.swift; sourceTree = "<group>"; };
		FDCA5F692C5AA9450095BF76 /* HealthEnergy.swift */ = {isa = PBXFileReference; lastKnownFileType = sourcecode.swift; path = HealthEnergy.swift; sourceTree = "<group>"; };
		FDD4FB662C1564190028BADB /* StepsView.swift */ = {isa = PBXFileReference; lastKnownFileType = sourcecode.swift; path = StepsView.swift; sourceTree = "<group>"; };
		FDD4FB6E2C16A1B30028BADB /* CaloriesView.swift */ = {isa = PBXFileReference; lastKnownFileType = sourcecode.swift; path = CaloriesView.swift; sourceTree = "<group>"; };
		FDD4FBCD2C17F8820028BADB /* WorkoutLiveActivityExtension.appex */ = {isa = PBXFileReference; explicitFileType = "wrapper.app-extension"; includeInIndex = 0; path = WorkoutLiveActivityExtension.appex; sourceTree = BUILT_PRODUCTS_DIR; };
		FDD4FBCE2C17F8820028BADB /* WidgetKit.framework */ = {isa = PBXFileReference; lastKnownFileType = wrapper.framework; name = WidgetKit.framework; path = System/Library/Frameworks/WidgetKit.framework; sourceTree = SDKROOT; };
		FDD4FBD22C17F8820028BADB /* WorkoutLiveActivityBundle.swift */ = {isa = PBXFileReference; lastKnownFileType = sourcecode.swift; path = WorkoutLiveActivityBundle.swift; sourceTree = "<group>"; };
		FDD4FBD42C17F8820028BADB /* WorkoutLiveActivityLiveActivity.swift */ = {isa = PBXFileReference; lastKnownFileType = sourcecode.swift; path = WorkoutLiveActivityLiveActivity.swift; sourceTree = "<group>"; };
		FDD4FBD62C17F8820028BADB /* WorkoutLiveActivity.swift */ = {isa = PBXFileReference; lastKnownFileType = sourcecode.swift; path = WorkoutLiveActivity.swift; sourceTree = "<group>"; };
		FDD4FBD82C17F8840028BADB /* Assets.xcassets */ = {isa = PBXFileReference; lastKnownFileType = folder.assetcatalog; path = Assets.xcassets; sourceTree = "<group>"; };
		FDD4FBDA2C17F8840028BADB /* Info.plist */ = {isa = PBXFileReference; lastKnownFileType = text.plist.xml; path = Info.plist; sourceTree = "<group>"; };
		FDD4FBE12C17F8FA0028BADB /* WorkoutAttributes.swift */ = {isa = PBXFileReference; lastKnownFileType = sourcecode.swift; path = WorkoutAttributes.swift; sourceTree = "<group>"; };
		FDD4FBE82C1A78FD0028BADB /* SetRepRangeView.swift */ = {isa = PBXFileReference; lastKnownFileType = sourcecode.swift; path = SetRepRangeView.swift; sourceTree = "<group>"; };
		FDE9CD182C6D5E17006E7C9F /* RunView.swift */ = {isa = PBXFileReference; lastKnownFileType = sourcecode.swift; path = RunView.swift; sourceTree = "<group>"; };
		FDE9CD1A2C6D5E33006E7C9F /* Run.swift */ = {isa = PBXFileReference; lastKnownFileType = sourcecode.swift; path = Run.swift; sourceTree = "<group>"; };
		FDE9CD1C2C6D621F006E7C9F /* RunLocationManager.swift */ = {isa = PBXFileReference; lastKnownFileType = sourcecode.swift; path = RunLocationManager.swift; sourceTree = "<group>"; };
		FDED2D5D2C4C8F4200F55A37 /* GymSelectionView.swift */ = {isa = PBXFileReference; lastKnownFileType = sourcecode.swift; path = GymSelectionView.swift; sourceTree = "<group>"; };
		FDED2D5F2C4C937E00F55A37 /* GymLocationManager.swift */ = {isa = PBXFileReference; lastKnownFileType = sourcecode.swift; path = GymLocationManager.swift; sourceTree = "<group>"; };
		FDED2D612C4CAFAF00F55A37 /* GymSectionView.swift */ = {isa = PBXFileReference; lastKnownFileType = sourcecode.swift; path = GymSectionView.swift; sourceTree = "<group>"; };
		FDED2D632C4E4B8E00F55A37 /* Gym.swift */ = {isa = PBXFileReference; lastKnownFileType = sourcecode.swift; path = Gym.swift; sourceTree = "<group>"; };
		FDED2D652C4F1AAF00F55A37 /* GymDetailView.swift */ = {isa = PBXFileReference; lastKnownFileType = sourcecode.swift; path = GymDetailView.swift; sourceTree = "<group>"; };
		FDED2D6D2C50498600F55A37 /* Extensions.swift */ = {isa = PBXFileReference; lastKnownFileType = sourcecode.swift; path = Extensions.swift; sourceTree = "<group>"; };
/* End PBXFileReference section */

/* Begin PBXFrameworksBuildPhase section */
		FD2E778E2BF57CF800245E06 /* Frameworks */ = {
			isa = PBXFrameworksBuildPhase;
			buildActionMask = 2147483647;
			files = (
				FD7C6F312C0EB2A6001453F2 /* FirebaseAuth in Frameworks */,
				FD7C6F332C0EB2A6001453F2 /* FirebaseFirestore in Frameworks */,
				FD7714C02C12CF3700FF12AF /* FirebaseStorage in Frameworks */,
				FD7714C62C14062400FF12AF /* HealthKit.framework in Frameworks */,
				FD9EB5EC2C2D0F0A000267F2 /* CodeScanner in Frameworks */,
			);
			runOnlyForDeploymentPostprocessing = 0;
		};
		FDD4FBCA2C17F8820028BADB /* Frameworks */ = {
			isa = PBXFrameworksBuildPhase;
			buildActionMask = 2147483647;
			files = (
				FDD4FBD02C17F8820028BADB /* SwiftUI.framework in Frameworks */,
				FDD4FBCF2C17F8820028BADB /* WidgetKit.framework in Frameworks */,
			);
			runOnlyForDeploymentPostprocessing = 0;
		};
/* End PBXFrameworksBuildPhase section */

/* Begin PBXGroup section */
		FD2201C22BFF03F600487151 /* WeightViews */ = {
			isa = PBXGroup;
			children = (
				FD2E77A52BF57ED700245E06 /* WeightView.swift */,
				FD2E77A72BF581F200245E06 /* AddWeightEntryView.swift */,
				FDB0B5D62BFC25190099D91D /* AllWeightEntriesView.swift */,
			);
			path = WeightViews;
			sourceTree = "<group>";
		};
		FD2E77882BF57CF800245E06 = {
			isa = PBXGroup;
			children = (
				FD2819732C3F99C40036CAED /* WorkoutLiveActivityExtension.entitlements */,
				FD2E77932BF57CF800245E06 /* VillainArc */,
				FDD4FBD12C17F8820028BADB /* WorkoutLiveActivity */,
				FD2E77922BF57CF800245E06 /* Products */,
				FDAC22FA2C0EB57E007B53B7 /* Frameworks */,
			);
			sourceTree = "<group>";
		};
		FD2E77922BF57CF800245E06 /* Products */ = {
			isa = PBXGroup;
			children = (
				FD2E77912BF57CF800245E06 /* VillainArc.app */,
				FDD4FBCD2C17F8820028BADB /* WorkoutLiveActivityExtension.appex */,
			);
			name = Products;
			sourceTree = "<group>";
		};
		FD2E77932BF57CF800245E06 /* VillainArc */ = {
			isa = PBXGroup;
			children = (
				FD2E77AF2BF6D0C400245E06 /* VillainArc.entitlements */,
				FD7C6F072C0E914C001453F2 /* Info.plist */,
				FD2E77942BF57CF800245E06 /* VillainArcApp.swift */,
				FD9EB5F52C2FD47D000267F2 /* HapticManager.swift */,
				FD2E77962BF57CF800245E06 /* ContentView.swift */,
				FD9EB5D72C2A6EDE000267F2 /* LoginViews */,
				FD9EB5D82C2A6EED000267F2 /* Tabs */,
				FD9EB5E72C2BBDDA000267F2 /* HomeViews */,
				FD9EB5E62C2BBD77000267F2 /* NutritionViews */,
				FDD4FB712C16A6170028BADB /* HealthViews */,
				FDB39EA82C0A4378008929DF /* WorkoutViews */,
				FD2E77A92BF587E800245E06 /* Other.swift */,
				FDED2D6D2C50498600F55A37 /* Extensions.swift */,
				FD7C6EF32C0BB6B0001453F2 /* BackgroundView.swift */,
				FD2E77982BF57CF800245E06 /* Assets.xcassets */,
				FD2E77A22BF57D1500245E06 /* Data */,
				FD2E779A2BF57CF800245E06 /* Preview Content */,
			);
			path = VillainArc;
			sourceTree = "<group>";
		};
		FD2E779A2BF57CF800245E06 /* Preview Content */ = {
			isa = PBXGroup;
			children = (
				FD2E779B2BF57CF800245E06 /* Preview Assets.xcassets */,
			);
			path = "Preview Content";
			sourceTree = "<group>";
		};
		FD2E77A22BF57D1500245E06 /* Data */ = {
			isa = PBXGroup;
			children = (
				FD2E77B02BF6D0E300245E06 /* GoogleService-Info.plist */,
				FDB39EA62C0933B0008929DF /* exercises.json */,
				FD2E77B72BF6D37200245E06 /* User.swift */,
				FDED2D632C4E4B8E00F55A37 /* Gym.swift */,
				FDE9CD1A2C6D5E33006E7C9F /* Run.swift */,
				FDE9CD1C2C6D621F006E7C9F /* RunLocationManager.swift */,
				FDED2D5F2C4C937E00F55A37 /* GymLocationManager.swift */,
				FD9EB5CE2C27D551000267F2 /* Nutrition */,
				FD9EB5C22C277C0E000267F2 /* Health */,
				FD2E77AB2BF6AA5500245E06 /* DataManager.swift */,
				FD9EB5C32C277C2D000267F2 /* Workouts */,
				FD7C6F082C0E9335001453F2 /* NotificationManager.swift */,
			);
			path = Data;
			sourceTree = "<group>";
		};
		FD9EB5C22C277C0E000267F2 /* Health */ = {
			isa = PBXGroup;
			children = (
				FD2E77A32BF57D6600245E06 /* WeightEntry.swift */,
				FDCA5F692C5AA9450095BF76 /* HealthEnergy.swift */,
				FD7714C92C14F8D800FF12AF /* HealthSteps.swift */,
				FD7714C32C14041B00FF12AF /* HealthManager.swift */,
				FD9EB5DB2C2B80E2000267F2 /* HealthDataManager.swift */,
			);
			path = Health;
			sourceTree = "<group>";
		};
		FD9EB5C32C277C2D000267F2 /* Workouts */ = {
			isa = PBXGroup;
			children = (
				FD2201C32BFF060E00487151 /* Workout.swift */,
				FD2201C52BFF066A00487151 /* WorkoutExercise.swift */,
				FD2201C72BFF084700487151 /* ExerciseSet.swift */,
				FDD4FBE12C17F8FA0028BADB /* WorkoutAttributes.swift */,
				FD59AD5F2C461E160017AFD1 /* WorkoutActivityManager.swift */,
			);
			path = Workouts;
			sourceTree = "<group>";
		};
		FD9EB5CE2C27D551000267F2 /* Nutrition */ = {
			isa = PBXGroup;
			children = (
				FD9EB5CF2C27D56F000267F2 /* NutritionHub.swift */,
				FD9EB5D12C27D648000267F2 /* NutritionEntry.swift */,
				FD9EB5D32C27D799000267F2 /* NutritionFood.swift */,
				FD9EB5DD2C2B81E8000267F2 /* NutritionDataManager.swift */,
			);
			path = Nutrition;
			sourceTree = "<group>";
		};
		FD9EB5D72C2A6EDE000267F2 /* LoginViews */ = {
			isa = PBXGroup;
			children = (
				FD2E77AD2BF6D03C00245E06 /* LogInView.swift */,
				FD9EB5CC2C27A84C000267F2 /* CompleteProfileView.swift */,
			);
			path = LoginViews;
			sourceTree = "<group>";
		};
		FD9EB5D82C2A6EED000267F2 /* Tabs */ = {
			isa = PBXGroup;
			children = (
				FD2201C02BFF033E00487151 /* HomeTab.swift */,
				FD7714C72C14F38E00FF12AF /* HealthTab.swift */,
				FD9EB5C02C262254000267F2 /* NutritionTab.swift */,
			);
			path = Tabs;
			sourceTree = "<group>";
		};
		FD9EB5E62C2BBD77000267F2 /* NutritionViews */ = {
			isa = PBXGroup;
			children = (
				FD9EB5D52C27DCD8000267F2 /* NutritionSetupView.swift */,
				FD9EB5E22C2BB2A5000267F2 /* NutritionEntryView.swift */,
				FD9EB5E82C2BD45F000267F2 /* AddFoodView.swift */,
				FD9EB5F32C2E6D6E000267F2 /* EditEntryFoodView.swift */,
				FD9EB5EF2C2D4430000267F2 /* FoodToEntryView.swift */,
				FD9EB5ED2C2D1FCB000267F2 /* CreateFoodView.swift */,
				FD59AD612C4645F60017AFD1 /* UpdateMealNamesView.swift */,
				FD9EB5F12C2E5AA5000267F2 /* AddFirebaseFoodView.swift */,
			);
			path = NutritionViews;
			sourceTree = "<group>";
		};
		FD9EB5E72C2BBDDA000267F2 /* HomeViews */ = {
			isa = PBXGroup;
			children = (
				FD7C6EF72C0BFA92001453F2 /* TemplateSectionView.swift */,
				FDED2D5D2C4C8F4200F55A37 /* GymSelectionView.swift */,
				FDED2D612C4CAFAF00F55A37 /* GymSectionView.swift */,
				FDED2D652C4F1AAF00F55A37 /* GymDetailView.swift */,
				FDE9CD182C6D5E17006E7C9F /* RunView.swift */,
				FD7C6EF52C0BFA82001453F2 /* WorkoutSectionView.swift */,
				FDAC23222C11530F007B53B7 /* ExercisesSectionView.swift */,
				FD7C6EF92C0BFC9B001453F2 /* AllWorkoutsView.swift */,
				FD7C6EFB2C0BFCAD001453F2 /* AllTemplatesView.swift */,
				FDAC23242C1154BD007B53B7 /* AllExercisesView.swift */,
			);
			path = HomeViews;
			sourceTree = "<group>";
		};
		FDAC22FA2C0EB57E007B53B7 /* Frameworks */ = {
			isa = PBXGroup;
			children = (
				FD7714C52C14062400FF12AF /* HealthKit.framework */,
				FDAC23042C0EB5B7007B53B7 /* SwiftUI.framework */,
				FDD4FBCE2C17F8820028BADB /* WidgetKit.framework */,
			);
			name = Frameworks;
			sourceTree = "<group>";
		};
		FDB39EA82C0A4378008929DF /* WorkoutViews */ = {
			isa = PBXGroup;
			children = (
				FD2201C92BFF1AB600487151 /* WorkoutView.swift */,
				FDB39EAD2C0A95D8008929DF /* TemplateView.swift */,
				FD2201CB2BFF304C00487151 /* ExerciseView.swift */,
				FDAC23262C116AD6007B53B7 /* TemplateExerciseView.swift */,
				FDD4FBE82C1A78FD0028BADB /* SetRepRangeView.swift */,
				FDB39EA42C093041008929DF /* ExerciseSelectionView.swift */,
				FDB39EA92C0A4496008929DF /* WorkoutDetailView.swift */,
				FD7C6F052C0E874C001453F2 /* SetRestTimeView.swift */,
				FD7C6EF12C0AD531001453F2 /* ExerciseHistoryView.swift */,
				FDB39EAB2C0A7D04008929DF /* SaveWorkoutSheet.swift */,
				FD7C6F032C0E8381001453F2 /* TimerDisplayView.swift */,
			);
			path = WorkoutViews;
			sourceTree = "<group>";
		};
		FDD4FB712C16A6170028BADB /* HealthViews */ = {
			isa = PBXGroup;
			children = (
				FD2201C22BFF03F600487151 /* WeightViews */,
				FDD4FB662C1564190028BADB /* StepsView.swift */,
				FDD4FB6E2C16A1B30028BADB /* CaloriesView.swift */,
			);
			path = HealthViews;
			sourceTree = "<group>";
		};
		FDD4FBD12C17F8820028BADB /* WorkoutLiveActivity */ = {
			isa = PBXGroup;
			children = (
				FDD4FBD22C17F8820028BADB /* WorkoutLiveActivityBundle.swift */,
				FDD4FBD42C17F8820028BADB /* WorkoutLiveActivityLiveActivity.swift */,
				FDD4FBD62C17F8820028BADB /* WorkoutLiveActivity.swift */,
				FDD4FBD82C17F8840028BADB /* Assets.xcassets */,
				FDD4FBDA2C17F8840028BADB /* Info.plist */,
			);
			path = WorkoutLiveActivity;
			sourceTree = "<group>";
		};
/* End PBXGroup section */

/* Begin PBXNativeTarget section */
		FD2E77902BF57CF800245E06 /* VillainArc */ = {
			isa = PBXNativeTarget;
			buildConfigurationList = FD2E779F2BF57CF800245E06 /* Build configuration list for PBXNativeTarget "VillainArc" */;
			buildPhases = (
				FD2E778D2BF57CF800245E06 /* Sources */,
				FD2E778E2BF57CF800245E06 /* Frameworks */,
				FD2E778F2BF57CF800245E06 /* Resources */,
				FDAC23182C0EB5B8007B53B7 /* Embed Foundation Extensions */,
			);
			buildRules = (
			);
			dependencies = (
				FDD4FBDC2C17F8840028BADB /* PBXTargetDependency */,
			);
			name = VillainArc;
			packageProductDependencies = (
				FD7C6F302C0EB2A6001453F2 /* FirebaseAuth */,
				FD7C6F322C0EB2A6001453F2 /* FirebaseFirestore */,
				FD7714BF2C12CF3700FF12AF /* FirebaseStorage */,
				FD9EB5EB2C2D0F0A000267F2 /* CodeScanner */,
			);
			productName = VillainArc;
			productReference = FD2E77912BF57CF800245E06 /* VillainArc.app */;
			productType = "com.apple.product-type.application";
		};
		FDD4FBCC2C17F8820028BADB /* WorkoutLiveActivityExtension */ = {
			isa = PBXNativeTarget;
			buildConfigurationList = FDD4FBE02C17F8840028BADB /* Build configuration list for PBXNativeTarget "WorkoutLiveActivityExtension" */;
			buildPhases = (
				FDD4FBC92C17F8820028BADB /* Sources */,
				FDD4FBCA2C17F8820028BADB /* Frameworks */,
				FDD4FBCB2C17F8820028BADB /* Resources */,
			);
			buildRules = (
			);
			dependencies = (
			);
			name = WorkoutLiveActivityExtension;
			productName = WorkoutLiveActivityExtension;
			productReference = FDD4FBCD2C17F8820028BADB /* WorkoutLiveActivityExtension.appex */;
			productType = "com.apple.product-type.app-extension";
		};
/* End PBXNativeTarget section */

/* Begin PBXProject section */
		FD2E77892BF57CF800245E06 /* Project object */ = {
			isa = PBXProject;
			attributes = {
				BuildIndependentTargetsInParallel = 1;
				LastSwiftUpdateCheck = 1540;
				LastUpgradeCheck = 1530;
				TargetAttributes = {
					FD2E77902BF57CF800245E06 = {
						CreatedOnToolsVersion = 15.3;
					};
					FDD4FBCC2C17F8820028BADB = {
						CreatedOnToolsVersion = 15.4;
					};
				};
			};
			buildConfigurationList = FD2E778C2BF57CF800245E06 /* Build configuration list for PBXProject "VillainArc" */;
			compatibilityVersion = "Xcode 14.0";
			developmentRegion = en;
			hasScannedForEncodings = 0;
			knownRegions = (
				en,
				Base,
			);
			mainGroup = FD2E77882BF57CF800245E06;
			packageReferences = (
				FD2E77B22BF6D12C00245E06 /* XCRemoteSwiftPackageReference "firebase-ios-sdk" */,
				FD9EB5EA2C2D0F0A000267F2 /* XCRemoteSwiftPackageReference "CodeScanner" */,
			);
			productRefGroup = FD2E77922BF57CF800245E06 /* Products */;
			projectDirPath = "";
			projectRoot = "";
			targets = (
				FD2E77902BF57CF800245E06 /* VillainArc */,
				FDD4FBCC2C17F8820028BADB /* WorkoutLiveActivityExtension */,
			);
		};
/* End PBXProject section */

/* Begin PBXResourcesBuildPhase section */
		FD2E778F2BF57CF800245E06 /* Resources */ = {
			isa = PBXResourcesBuildPhase;
			buildActionMask = 2147483647;
			files = (
				FD2E779C2BF57CF800245E06 /* Preview Assets.xcassets in Resources */,
				FDB39EA72C0933B0008929DF /* exercises.json in Resources */,
				FD2E77992BF57CF800245E06 /* Assets.xcassets in Resources */,
				FD2E77B12BF6D0E300245E06 /* GoogleService-Info.plist in Resources */,
			);
			runOnlyForDeploymentPostprocessing = 0;
		};
		FDD4FBCB2C17F8820028BADB /* Resources */ = {
			isa = PBXResourcesBuildPhase;
			buildActionMask = 2147483647;
			files = (
				FDD4FBD92C17F8840028BADB /* Assets.xcassets in Resources */,
			);
			runOnlyForDeploymentPostprocessing = 0;
		};
/* End PBXResourcesBuildPhase section */

/* Begin PBXSourcesBuildPhase section */
		FD2E778D2BF57CF800245E06 /* Sources */ = {
			isa = PBXSourcesBuildPhase;
			buildActionMask = 2147483647;
			files = (
				FDCA5F6A2C5AA9450095BF76 /* HealthEnergy.swift in Sources */,
				FD9EB5E12C2B82AF000267F2 /* NutritionFood.swift in Sources */,
				FD9EB5E02C2B82AC000267F2 /* NutritionEntry.swift in Sources */,
				FDB39EAC2C0A7D04008929DF /* SaveWorkoutSheet.swift in Sources */,
				FD7C6F042C0E8381001453F2 /* TimerDisplayView.swift in Sources */,
				FDD4FB672C1564190028BADB /* StepsView.swift in Sources */,
				FDB39EAA2C0A4496008929DF /* WorkoutDetailView.swift in Sources */,
				FD2201C12BFF033E00487151 /* HomeTab.swift in Sources */,
				FD9EB5DC2C2B80E2000267F2 /* HealthDataManager.swift in Sources */,
				FD2E77AA2BF587E800245E06 /* Other.swift in Sources */,
				FD9EB5E92C2BD45F000267F2 /* AddFoodView.swift in Sources */,
				FD9EB5E32C2BB2A5000267F2 /* NutritionEntryView.swift in Sources */,
				FD7C6EF42C0BB6B0001453F2 /* BackgroundView.swift in Sources */,
				FDED2D642C4E4B8E00F55A37 /* Gym.swift in Sources */,
				FD9EB5F42C2E6D6E000267F2 /* EditEntryFoodView.swift in Sources */,
				FDED2D602C4C937E00F55A37 /* GymLocationManager.swift in Sources */,
				FDED2D662C4F1AAF00F55A37 /* GymDetailView.swift in Sources */,
				FDAC23232C11530F007B53B7 /* ExercisesSectionView.swift in Sources */,
				FD7714C82C14F38E00FF12AF /* HealthTab.swift in Sources */,
				FD9EB5DA2C2A83B8000267F2 /* NutritionSetupView.swift in Sources */,
				FD2201CA2BFF1AB600487151 /* WorkoutView.swift in Sources */,
				FDB39EA52C093041008929DF /* ExerciseSelectionView.swift in Sources */,
				FD7C6EFC2C0BFCAD001453F2 /* AllTemplatesView.swift in Sources */,
				FDAC23272C116AD6007B53B7 /* TemplateExerciseView.swift in Sources */,
				FD2201CC2BFF304C00487151 /* ExerciseView.swift in Sources */,
				FD2E77972BF57CF800245E06 /* ContentView.swift in Sources */,
				FD7C6EF82C0BFA92001453F2 /* TemplateSectionView.swift in Sources */,
				FD9EB5C12C262254000267F2 /* NutritionTab.swift in Sources */,
				FDE9CD1B2C6D5E33006E7C9F /* Run.swift in Sources */,
				FD2201C42BFF060E00487151 /* Workout.swift in Sources */,
				FD2E77A82BF581F200245E06 /* AddWeightEntryView.swift in Sources */,
				FD2201C82BFF084700487151 /* ExerciseSet.swift in Sources */,
				FD2201C62BFF066A00487151 /* WorkoutExercise.swift in Sources */,
				FD9EB5EE2C2D1FCB000267F2 /* CreateFoodView.swift in Sources */,
				FD7C6F062C0E874D001453F2 /* SetRestTimeView.swift in Sources */,
				FD2E77AC2BF6AA5500245E06 /* DataManager.swift in Sources */,
				FD7C6EF62C0BFA82001453F2 /* WorkoutSectionView.swift in Sources */,
				FD2E77A62BF57ED700245E06 /* WeightView.swift in Sources */,
				FD59AD622C4645F60017AFD1 /* UpdateMealNamesView.swift in Sources */,
				FD9EB5DF2C2B82A4000267F2 /* NutritionHub.swift in Sources */,
				FDED2D5E2C4C8F4200F55A37 /* GymSelectionView.swift in Sources */,
				FDB0B5D72BFC25190099D91D /* AllWeightEntriesView.swift in Sources */,
				FD7C6EFA2C0BFC9B001453F2 /* AllWorkoutsView.swift in Sources */,
				FDED2D6E2C50498600F55A37 /* Extensions.swift in Sources */,
				FD7C6F092C0E9336001453F2 /* NotificationManager.swift in Sources */,
				FD59AD602C461E160017AFD1 /* WorkoutActivityManager.swift in Sources */,
				FD9EB5CD2C27A84C000267F2 /* CompleteProfileView.swift in Sources */,
				FDD4FBE92C1A78FD0028BADB /* SetRepRangeView.swift in Sources */,
				FD7714CA2C14F8D800FF12AF /* HealthSteps.swift in Sources */,
				FD7C6EF22C0AD531001453F2 /* ExerciseHistoryView.swift in Sources */,
				FDAC23252C1154BD007B53B7 /* AllExercisesView.swift in Sources */,
				FD9EB5F62C2FD47D000267F2 /* HapticManager.swift in Sources */,
				FDD4FB6F2C16A1B30028BADB /* CaloriesView.swift in Sources */,
				FD9EB5F02C2D4430000267F2 /* FoodToEntryView.swift in Sources */,
				FD2E77B82BF6D37200245E06 /* User.swift in Sources */,
				FDB39EAE2C0A95D8008929DF /* TemplateView.swift in Sources */,
				FD9EB5F22C2E5AA5000267F2 /* AddFirebaseFoodView.swift in Sources */,
				FDE9CD192C6D5E17006E7C9F /* RunView.swift in Sources */,
				FDED2D622C4CAFAF00F55A37 /* GymSectionView.swift in Sources */,
				FD9EB5DE2C2B81E8000267F2 /* NutritionDataManager.swift in Sources */,
				FD2E77A42BF57D6600245E06 /* WeightEntry.swift in Sources */,
				FDD4FBE22C17F8FA0028BADB /* WorkoutAttributes.swift in Sources */,
				FD2E77AE2BF6D03C00245E06 /* LogInView.swift in Sources */,
				FD2E77952BF57CF800245E06 /* VillainArcApp.swift in Sources */,
				FDE9CD1D2C6D621F006E7C9F /* RunLocationManager.swift in Sources */,
				FD7714C42C14041B00FF12AF /* HealthManager.swift in Sources */,
			);
			runOnlyForDeploymentPostprocessing = 0;
		};
		FDD4FBC92C17F8820028BADB /* Sources */ = {
			isa = PBXSourcesBuildPhase;
			buildActionMask = 2147483647;
			files = (
				FD9EB5CB2C2781B2000267F2 /* WorkoutAttributes.swift in Sources */,
				FDD4FBD72C17F8820028BADB /* WorkoutLiveActivity.swift in Sources */,
				FDD4FBD32C17F8820028BADB /* WorkoutLiveActivityBundle.swift in Sources */,
				FD2819712C3F92130036CAED /* NutritionEntry.swift in Sources */,
				FD2819722C3F950E0036CAED /* NutritionFood.swift in Sources */,
				FDD4FBD52C17F8820028BADB /* WorkoutLiveActivityLiveActivity.swift in Sources */,
			);
			runOnlyForDeploymentPostprocessing = 0;
		};
/* End PBXSourcesBuildPhase section */

/* Begin PBXTargetDependency section */
		FDD4FBDC2C17F8840028BADB /* PBXTargetDependency */ = {
			isa = PBXTargetDependency;
			target = FDD4FBCC2C17F8820028BADB /* WorkoutLiveActivityExtension */;
			targetProxy = FDD4FBDB2C17F8840028BADB /* PBXContainerItemProxy */;
		};
/* End PBXTargetDependency section */

/* Begin XCBuildConfiguration section */
		FD2E779D2BF57CF800245E06 /* Debug */ = {
			isa = XCBuildConfiguration;
			buildSettings = {
				ALWAYS_SEARCH_USER_PATHS = NO;
				ASSETCATALOG_COMPILER_GENERATE_SWIFT_ASSET_SYMBOL_EXTENSIONS = YES;
				CLANG_ANALYZER_NONNULL = YES;
				CLANG_ANALYZER_NUMBER_OBJECT_CONVERSION = YES_AGGRESSIVE;
				CLANG_CXX_LANGUAGE_STANDARD = "gnu++20";
				CLANG_ENABLE_MODULES = YES;
				CLANG_ENABLE_OBJC_ARC = YES;
				CLANG_ENABLE_OBJC_WEAK = YES;
				CLANG_WARN_BLOCK_CAPTURE_AUTORELEASING = YES;
				CLANG_WARN_BOOL_CONVERSION = YES;
				CLANG_WARN_COMMA = YES;
				CLANG_WARN_CONSTANT_CONVERSION = YES;
				CLANG_WARN_DEPRECATED_OBJC_IMPLEMENTATIONS = YES;
				CLANG_WARN_DIRECT_OBJC_ISA_USAGE = YES_ERROR;
				CLANG_WARN_DOCUMENTATION_COMMENTS = YES;
				CLANG_WARN_EMPTY_BODY = YES;
				CLANG_WARN_ENUM_CONVERSION = YES;
				CLANG_WARN_INFINITE_RECURSION = YES;
				CLANG_WARN_INT_CONVERSION = YES;
				CLANG_WARN_NON_LITERAL_NULL_CONVERSION = YES;
				CLANG_WARN_OBJC_IMPLICIT_RETAIN_SELF = YES;
				CLANG_WARN_OBJC_LITERAL_CONVERSION = YES;
				CLANG_WARN_OBJC_ROOT_CLASS = YES_ERROR;
				CLANG_WARN_QUOTED_INCLUDE_IN_FRAMEWORK_HEADER = YES;
				CLANG_WARN_RANGE_LOOP_ANALYSIS = YES;
				CLANG_WARN_STRICT_PROTOTYPES = YES;
				CLANG_WARN_SUSPICIOUS_MOVE = YES;
				CLANG_WARN_UNGUARDED_AVAILABILITY = YES_AGGRESSIVE;
				CLANG_WARN_UNREACHABLE_CODE = YES;
				CLANG_WARN__DUPLICATE_METHOD_MATCH = YES;
				COPY_PHASE_STRIP = NO;
				DEBUG_INFORMATION_FORMAT = dwarf;
				ENABLE_STRICT_OBJC_MSGSEND = YES;
				ENABLE_TESTABILITY = YES;
				ENABLE_USER_SCRIPT_SANDBOXING = YES;
				GCC_C_LANGUAGE_STANDARD = gnu17;
				GCC_DYNAMIC_NO_PIC = NO;
				GCC_NO_COMMON_BLOCKS = YES;
				GCC_OPTIMIZATION_LEVEL = 0;
				GCC_PREPROCESSOR_DEFINITIONS = (
					"DEBUG=1",
					"$(inherited)",
				);
				GCC_WARN_64_TO_32_BIT_CONVERSION = YES;
				GCC_WARN_ABOUT_RETURN_TYPE = YES_ERROR;
				GCC_WARN_UNDECLARED_SELECTOR = YES;
				GCC_WARN_UNINITIALIZED_AUTOS = YES_AGGRESSIVE;
				GCC_WARN_UNUSED_FUNCTION = YES;
				GCC_WARN_UNUSED_VARIABLE = YES;
				IPHONEOS_DEPLOYMENT_TARGET = 17.0;
				LOCALIZATION_PREFERS_STRING_CATALOGS = YES;
				MTL_ENABLE_DEBUG_INFO = INCLUDE_SOURCE;
				MTL_FAST_MATH = YES;
				ONLY_ACTIVE_ARCH = YES;
				SDKROOT = iphoneos;
				SWIFT_ACTIVE_COMPILATION_CONDITIONS = "DEBUG $(inherited)";
				SWIFT_OPTIMIZATION_LEVEL = "-Onone";
			};
			name = Debug;
		};
		FD2E779E2BF57CF800245E06 /* Release */ = {
			isa = XCBuildConfiguration;
			buildSettings = {
				ALWAYS_SEARCH_USER_PATHS = NO;
				ASSETCATALOG_COMPILER_GENERATE_SWIFT_ASSET_SYMBOL_EXTENSIONS = YES;
				CLANG_ANALYZER_NONNULL = YES;
				CLANG_ANALYZER_NUMBER_OBJECT_CONVERSION = YES_AGGRESSIVE;
				CLANG_CXX_LANGUAGE_STANDARD = "gnu++20";
				CLANG_ENABLE_MODULES = YES;
				CLANG_ENABLE_OBJC_ARC = YES;
				CLANG_ENABLE_OBJC_WEAK = YES;
				CLANG_WARN_BLOCK_CAPTURE_AUTORELEASING = YES;
				CLANG_WARN_BOOL_CONVERSION = YES;
				CLANG_WARN_COMMA = YES;
				CLANG_WARN_CONSTANT_CONVERSION = YES;
				CLANG_WARN_DEPRECATED_OBJC_IMPLEMENTATIONS = YES;
				CLANG_WARN_DIRECT_OBJC_ISA_USAGE = YES_ERROR;
				CLANG_WARN_DOCUMENTATION_COMMENTS = YES;
				CLANG_WARN_EMPTY_BODY = YES;
				CLANG_WARN_ENUM_CONVERSION = YES;
				CLANG_WARN_INFINITE_RECURSION = YES;
				CLANG_WARN_INT_CONVERSION = YES;
				CLANG_WARN_NON_LITERAL_NULL_CONVERSION = YES;
				CLANG_WARN_OBJC_IMPLICIT_RETAIN_SELF = YES;
				CLANG_WARN_OBJC_LITERAL_CONVERSION = YES;
				CLANG_WARN_OBJC_ROOT_CLASS = YES_ERROR;
				CLANG_WARN_QUOTED_INCLUDE_IN_FRAMEWORK_HEADER = YES;
				CLANG_WARN_RANGE_LOOP_ANALYSIS = YES;
				CLANG_WARN_STRICT_PROTOTYPES = YES;
				CLANG_WARN_SUSPICIOUS_MOVE = YES;
				CLANG_WARN_UNGUARDED_AVAILABILITY = YES_AGGRESSIVE;
				CLANG_WARN_UNREACHABLE_CODE = YES;
				CLANG_WARN__DUPLICATE_METHOD_MATCH = YES;
				COPY_PHASE_STRIP = NO;
				DEBUG_INFORMATION_FORMAT = "dwarf-with-dsym";
				ENABLE_NS_ASSERTIONS = NO;
				ENABLE_STRICT_OBJC_MSGSEND = YES;
				ENABLE_USER_SCRIPT_SANDBOXING = YES;
				GCC_C_LANGUAGE_STANDARD = gnu17;
				GCC_NO_COMMON_BLOCKS = YES;
				GCC_WARN_64_TO_32_BIT_CONVERSION = YES;
				GCC_WARN_ABOUT_RETURN_TYPE = YES_ERROR;
				GCC_WARN_UNDECLARED_SELECTOR = YES;
				GCC_WARN_UNINITIALIZED_AUTOS = YES_AGGRESSIVE;
				GCC_WARN_UNUSED_FUNCTION = YES;
				GCC_WARN_UNUSED_VARIABLE = YES;
				IPHONEOS_DEPLOYMENT_TARGET = 17.0;
				LOCALIZATION_PREFERS_STRING_CATALOGS = YES;
				MTL_ENABLE_DEBUG_INFO = NO;
				MTL_FAST_MATH = YES;
				SDKROOT = iphoneos;
				SWIFT_COMPILATION_MODE = wholemodule;
				VALIDATE_PRODUCT = YES;
			};
			name = Release;
		};
		FD2E77A02BF57CF800245E06 /* Debug */ = {
			isa = XCBuildConfiguration;
			buildSettings = {
				ALWAYS_EMBED_SWIFT_STANDARD_LIBRARIES = YES;
				ASSETCATALOG_COMPILER_APPICON_NAME = AppIcon;
				ASSETCATALOG_COMPILER_GLOBAL_ACCENT_COLOR_NAME = AccentColor;
				CODE_SIGN_ENTITLEMENTS = VillainArc/VillainArc.entitlements;
				CODE_SIGN_STYLE = Automatic;
				CURRENT_PROJECT_VERSION = 1;
				DEVELOPMENT_ASSET_PATHS = "\"VillainArc/Preview Content\"";
				DEVELOPMENT_TEAM = 6SVFNFHMZZ;
				ENABLE_PREVIEWS = YES;
				GENERATE_INFOPLIST_FILE = YES;
				INFOPLIST_FILE = VillainArc/Info.plist;
				INFOPLIST_KEY_CFBundleDisplayName = "Villain Arc";
				INFOPLIST_KEY_LSApplicationCategoryType = "public.app-category.healthcare-fitness";
				INFOPLIST_KEY_NSCameraUsageDescription = "This app requires access to Camera to scan food barcodes.";
				INFOPLIST_KEY_NSHealthShareUsageDescription = "This app requires access to some health data to fully understand you.";
				INFOPLIST_KEY_NSHealthUpdateUsageDescription = "This app will save your weight entries to health if you want.";
				INFOPLIST_KEY_NSLocationWhenInUseUsageDescription = "This app needs your location to track your run and show nearby gyms.";
				INFOPLIST_KEY_NSSupportsLiveActivities = YES;
				INFOPLIST_KEY_UIApplicationSceneManifest_Generation = YES;
				INFOPLIST_KEY_UIApplicationSupportsIndirectInputEvents = YES;
				INFOPLIST_KEY_UILaunchStoryboardName = "";
				INFOPLIST_KEY_UISupportedInterfaceOrientations = UIInterfaceOrientationPortrait;
				IPHONEOS_DEPLOYMENT_TARGET = 17.1;
				LD_RUNPATH_SEARCH_PATHS = (
					"$(inherited)",
					"@executable_path/Frameworks",
				);
				MARKETING_VERSION = 0.6.1;
				PRODUCT_BUNDLE_IDENTIFIER = name.FernandoCaudilloTafoya.VillainArc;
				PRODUCT_NAME = "$(TARGET_NAME)";
				SUPPORTED_PLATFORMS = "iphoneos iphonesimulator";
				SUPPORTS_MACCATALYST = NO;
				SUPPORTS_MAC_DESIGNED_FOR_IPHONE_IPAD = NO;
				SUPPORTS_XR_DESIGNED_FOR_IPHONE_IPAD = NO;
				SWIFT_EMIT_LOC_STRINGS = YES;
				SWIFT_VERSION = 5.0;
				TARGETED_DEVICE_FAMILY = 1;
			};
			name = Debug;
		};
		FD2E77A12BF57CF800245E06 /* Release */ = {
			isa = XCBuildConfiguration;
			buildSettings = {
				ALWAYS_EMBED_SWIFT_STANDARD_LIBRARIES = YES;
				ASSETCATALOG_COMPILER_APPICON_NAME = AppIcon;
				ASSETCATALOG_COMPILER_GLOBAL_ACCENT_COLOR_NAME = AccentColor;
				CODE_SIGN_ENTITLEMENTS = VillainArc/VillainArc.entitlements;
				CODE_SIGN_STYLE = Automatic;
				CURRENT_PROJECT_VERSION = 1;
				DEVELOPMENT_ASSET_PATHS = "\"VillainArc/Preview Content\"";
				DEVELOPMENT_TEAM = 6SVFNFHMZZ;
				ENABLE_PREVIEWS = YES;
				GENERATE_INFOPLIST_FILE = YES;
				INFOPLIST_FILE = VillainArc/Info.plist;
				INFOPLIST_KEY_CFBundleDisplayName = "Villain Arc";
				INFOPLIST_KEY_LSApplicationCategoryType = "public.app-category.healthcare-fitness";
				INFOPLIST_KEY_NSCameraUsageDescription = "This app requires access to Camera to scan food barcodes.";
				INFOPLIST_KEY_NSHealthShareUsageDescription = "This app requires access to some health data to fully understand you.";
				INFOPLIST_KEY_NSHealthUpdateUsageDescription = "This app will save your weight entries to health if you want.";
				INFOPLIST_KEY_NSLocationWhenInUseUsageDescription = "This app needs your location to track your run and show nearby gyms.";
				INFOPLIST_KEY_NSSupportsLiveActivities = YES;
				INFOPLIST_KEY_UIApplicationSceneManifest_Generation = YES;
				INFOPLIST_KEY_UIApplicationSupportsIndirectInputEvents = YES;
				INFOPLIST_KEY_UILaunchStoryboardName = "";
				INFOPLIST_KEY_UISupportedInterfaceOrientations = UIInterfaceOrientationPortrait;
				IPHONEOS_DEPLOYMENT_TARGET = 17.1;
				LD_RUNPATH_SEARCH_PATHS = (
					"$(inherited)",
					"@executable_path/Frameworks",
				);
				MARKETING_VERSION = 0.6.1;
				PRODUCT_BUNDLE_IDENTIFIER = name.FernandoCaudilloTafoya.VillainArc;
				PRODUCT_NAME = "$(TARGET_NAME)";
				SUPPORTED_PLATFORMS = "iphoneos iphonesimulator";
				SUPPORTS_MACCATALYST = NO;
				SUPPORTS_MAC_DESIGNED_FOR_IPHONE_IPAD = NO;
				SUPPORTS_XR_DESIGNED_FOR_IPHONE_IPAD = NO;
				SWIFT_EMIT_LOC_STRINGS = YES;
				SWIFT_VERSION = 5.0;
				TARGETED_DEVICE_FAMILY = 1;
			};
			name = Release;
		};
		FDD4FBDE2C17F8840028BADB /* Debug */ = {
			isa = XCBuildConfiguration;
			buildSettings = {
				ASSETCATALOG_COMPILER_GLOBAL_ACCENT_COLOR_NAME = AccentColor;
				ASSETCATALOG_COMPILER_WIDGET_BACKGROUND_COLOR_NAME = WidgetBackground;
				CODE_SIGN_ENTITLEMENTS = WorkoutLiveActivityExtension.entitlements;
				CODE_SIGN_STYLE = Automatic;
				CURRENT_PROJECT_VERSION = 1;
				DEVELOPMENT_TEAM = 6SVFNFHMZZ;
				GENERATE_INFOPLIST_FILE = YES;
				INFOPLIST_FILE = WorkoutLiveActivity/Info.plist;
				INFOPLIST_KEY_CFBundleDisplayName = WorkoutLiveActivity;
				INFOPLIST_KEY_NSHumanReadableCopyright = "";
				IPHONEOS_DEPLOYMENT_TARGET = 17.1;
				LD_RUNPATH_SEARCH_PATHS = (
					"$(inherited)",
					"@executable_path/Frameworks",
					"@executable_path/../../Frameworks",
				);
				MARKETING_VERSION = 0.6.1;
				PRODUCT_BUNDLE_IDENTIFIER = name.FernandoCaudilloTafoya.VillainArc.WorkoutLiveActivity;
				PRODUCT_NAME = "$(TARGET_NAME)";
				SKIP_INSTALL = YES;
				SUPPORTED_PLATFORMS = "iphoneos iphonesimulator";
				SUPPORTS_MACCATALYST = NO;
				SUPPORTS_MAC_DESIGNED_FOR_IPHONE_IPAD = NO;
				SUPPORTS_XR_DESIGNED_FOR_IPHONE_IPAD = NO;
				SWIFT_EMIT_LOC_STRINGS = YES;
				SWIFT_VERSION = 5.0;
				TARGETED_DEVICE_FAMILY = 1;
			};
			name = Debug;
		};
		FDD4FBDF2C17F8840028BADB /* Release */ = {
			isa = XCBuildConfiguration;
			buildSettings = {
				ASSETCATALOG_COMPILER_GLOBAL_ACCENT_COLOR_NAME = AccentColor;
				ASSETCATALOG_COMPILER_WIDGET_BACKGROUND_COLOR_NAME = WidgetBackground;
				CODE_SIGN_ENTITLEMENTS = WorkoutLiveActivityExtension.entitlements;
				CODE_SIGN_STYLE = Automatic;
				CURRENT_PROJECT_VERSION = 1;
				DEVELOPMENT_TEAM = 6SVFNFHMZZ;
				GENERATE_INFOPLIST_FILE = YES;
				INFOPLIST_FILE = WorkoutLiveActivity/Info.plist;
				INFOPLIST_KEY_CFBundleDisplayName = WorkoutLiveActivity;
				INFOPLIST_KEY_NSHumanReadableCopyright = "";
				IPHONEOS_DEPLOYMENT_TARGET = 17.1;
				LD_RUNPATH_SEARCH_PATHS = (
					"$(inherited)",
					"@executable_path/Frameworks",
					"@executable_path/../../Frameworks",
				);
				MARKETING_VERSION = 0.6.1;
				PRODUCT_BUNDLE_IDENTIFIER = name.FernandoCaudilloTafoya.VillainArc.WorkoutLiveActivity;
				PRODUCT_NAME = "$(TARGET_NAME)";
				SKIP_INSTALL = YES;
				SUPPORTED_PLATFORMS = "iphoneos iphonesimulator";
				SUPPORTS_MACCATALYST = NO;
				SUPPORTS_MAC_DESIGNED_FOR_IPHONE_IPAD = NO;
				SUPPORTS_XR_DESIGNED_FOR_IPHONE_IPAD = NO;
				SWIFT_EMIT_LOC_STRINGS = YES;
				SWIFT_VERSION = 5.0;
				TARGETED_DEVICE_FAMILY = 1;
			};
			name = Release;
		};
/* End XCBuildConfiguration section */

/* Begin XCConfigurationList section */
		FD2E778C2BF57CF800245E06 /* Build configuration list for PBXProject "VillainArc" */ = {
			isa = XCConfigurationList;
			buildConfigurations = (
				FD2E779D2BF57CF800245E06 /* Debug */,
				FD2E779E2BF57CF800245E06 /* Release */,
			);
			defaultConfigurationIsVisible = 0;
			defaultConfigurationName = Release;
		};
		FD2E779F2BF57CF800245E06 /* Build configuration list for PBXNativeTarget "VillainArc" */ = {
			isa = XCConfigurationList;
			buildConfigurations = (
				FD2E77A02BF57CF800245E06 /* Debug */,
				FD2E77A12BF57CF800245E06 /* Release */,
			);
			defaultConfigurationIsVisible = 0;
			defaultConfigurationName = Release;
		};
		FDD4FBE02C17F8840028BADB /* Build configuration list for PBXNativeTarget "WorkoutLiveActivityExtension" */ = {
			isa = XCConfigurationList;
			buildConfigurations = (
				FDD4FBDE2C17F8840028BADB /* Debug */,
				FDD4FBDF2C17F8840028BADB /* Release */,
			);
			defaultConfigurationIsVisible = 0;
			defaultConfigurationName = Release;
		};
/* End XCConfigurationList section */

/* Begin XCRemoteSwiftPackageReference section */
		FD2E77B22BF6D12C00245E06 /* XCRemoteSwiftPackageReference "firebase-ios-sdk" */ = {
			isa = XCRemoteSwiftPackageReference;
			repositoryURL = "https://github.com/firebase/firebase-ios-sdk.git";
			requirement = {
				kind = upToNextMajorVersion;
				minimumVersion = 10.26.0;
			};
		};
		FD9EB5EA2C2D0F0A000267F2 /* XCRemoteSwiftPackageReference "CodeScanner" */ = {
			isa = XCRemoteSwiftPackageReference;
			repositoryURL = "https://github.com/twostraws/CodeScanner";
			requirement = {
				kind = upToNextMajorVersion;
				minimumVersion = 2.5.0;
			};
		};
/* End XCRemoteSwiftPackageReference section */

/* Begin XCSwiftPackageProductDependency section */
		FD7714BF2C12CF3700FF12AF /* FirebaseStorage */ = {
			isa = XCSwiftPackageProductDependency;
			package = FD2E77B22BF6D12C00245E06 /* XCRemoteSwiftPackageReference "firebase-ios-sdk" */;
			productName = FirebaseStorage;
		};
		FD7C6F302C0EB2A6001453F2 /* FirebaseAuth */ = {
			isa = XCSwiftPackageProductDependency;
			package = FD2E77B22BF6D12C00245E06 /* XCRemoteSwiftPackageReference "firebase-ios-sdk" */;
			productName = FirebaseAuth;
		};
		FD7C6F322C0EB2A6001453F2 /* FirebaseFirestore */ = {
			isa = XCSwiftPackageProductDependency;
			package = FD2E77B22BF6D12C00245E06 /* XCRemoteSwiftPackageReference "firebase-ios-sdk" */;
			productName = FirebaseFirestore;
		};
		FD9EB5EB2C2D0F0A000267F2 /* CodeScanner */ = {
			isa = XCSwiftPackageProductDependency;
			package = FD9EB5EA2C2D0F0A000267F2 /* XCRemoteSwiftPackageReference "CodeScanner" */;
			productName = CodeScanner;
		};
/* End XCSwiftPackageProductDependency section */
	};
	rootObject = FD2E77892BF57CF800245E06 /* Project object */;
}
